// !$*UTF8*$!
{
	archiveVersion = 1;
	classes = {
	};
	objectVersion = 50;
	objects = {

/* Begin PBXBuildFile section */
		11B808E42115375B0007861E /* main.m in Sources */ = {isa = PBXBuildFile; fileRef = 11B808E32115375B0007861E /* main.m */; };
		11B808F1211537B10007861E /* Strain_Test.m in Sources */ = {isa = PBXBuildFile; fileRef = 11B808F0211537B10007861E /* Strain_Test.m */; };
		11B808F8211537C30007861E /* README.md in Resources */ = {isa = PBXBuildFile; fileRef = 11B808F6211537C30007861E /* README.md */; };
		11B808FC211537EF0007861E /* Strain.m in Sources */ = {isa = PBXBuildFile; fileRef = 11B808FB211537EF0007861E /* Strain.m */; };
/* End PBXBuildFile section */

/* Begin PBXCopyFilesBuildPhase section */
		11B808DE2115375B0007861E /* CopyFiles */ = {
			isa = PBXCopyFilesBuildPhase;
			buildActionMask = 2147483647;
			dstPath = /usr/share/man/man1/;
			dstSubfolderSpec = 0;
			files = (
			);
			runOnlyForDeploymentPostprocessing = 1;
		};
/* End PBXCopyFilesBuildPhase section */

/* Begin PBXFileReference section */
		11B808E02115375B0007861E /* Strain */ = {isa = PBXFileReference; explicitFileType = "compiled.mach-o.executable"; includeInIndex = 0; path = Strain; sourceTree = BUILT_PRODUCTS_DIR; };
		11B808E32115375B0007861E /* main.m */ = {isa = PBXFileReference; lastKnownFileType = sourcecode.c.objc; path = main.m; sourceTree = "<group>"; };
		11B808EE211537B10007861E /* Strain Test.xctest */ = {isa = PBXFileReference; explicitFileType = wrapper.cfbundle; includeInIndex = 0; path = "Strain Test.xctest"; sourceTree = BUILT_PRODUCTS_DIR; };
		11B808F0211537B10007861E /* Strain_Test.m */ = {isa = PBXFileReference; lastKnownFileType = sourcecode.c.objc; path = Strain_Test.m; sourceTree = "<group>"; };
		11B808F2211537B10007861E /* Info.plist */ = {isa = PBXFileReference; lastKnownFileType = text.plist.xml; path = Info.plist; sourceTree = "<group>"; };
		11B808F6211537C30007861E /* README.md */ = {isa = PBXFileReference; fileEncoding = 4; lastKnownFileType = net.daringfireball.markdown; path = README.md; sourceTree = "<group>"; };
		11B808FA211537EF0007861E /* Strain.h */ = {isa = PBXFileReference; lastKnownFileType = sourcecode.c.h; path = Strain.h; sourceTree = "<group>"; };
		11B808FB211537EF0007861E /* Strain.m */ = {isa = PBXFileReference; lastKnownFileType = sourcecode.c.objc; path = Strain.m; sourceTree = "<group>"; };
/* End PBXFileReference section */

/* Begin PBXFrameworksBuildPhase section */
		11B808DD2115375B0007861E /* Frameworks */ = {
			isa = PBXFrameworksBuildPhase;
			buildActionMask = 2147483647;
			files = (
			);
			runOnlyForDeploymentPostprocessing = 0;
		};
		11B808EB211537B10007861E /* Frameworks */ = {
			isa = PBXFrameworksBuildPhase;
			buildActionMask = 2147483647;
			files = (
			);
			runOnlyForDeploymentPostprocessing = 0;
		};
/* End PBXFrameworksBuildPhase section */

/* Begin PBXGroup section */
		11B808D72115375B0007861E = {
			isa = PBXGroup;
			children = (
				11B808E22115375B0007861E /* Strain */,
				11B808EF211537B10007861E /* Strain Test */,
				11B808E12115375B0007861E /* Products */,
			);
			sourceTree = "<group>";
		};
		11B808E12115375B0007861E /* Products */ = {
			isa = PBXGroup;
			children = (
				11B808E02115375B0007861E /* Strain */,
				11B808EE211537B10007861E /* Strain Test.xctest */,
			);
			name = Products;
			sourceTree = "<group>";
		};
		11B808E22115375B0007861E /* Strain */ = {
			isa = PBXGroup;
			children = (
				11B808E32115375B0007861E /* main.m */,
			);
			path = Strain;
			sourceTree = "<group>";
		};
		11B808EF211537B10007861E /* Strain Test */ = {
			isa = PBXGroup;
			children = (
				11B808FA211537EF0007861E /* Strain.h */,
				11B808FB211537EF0007861E /* Strain.m */,
				11B808F0211537B10007861E /* Strain_Test.m */,
				11B808F6211537C30007861E /* README.md */,
				11B808F2211537B10007861E /* Info.plist */,
			);
			path = "Strain Test";
			sourceTree = "<group>";
		};
/* End PBXGroup section */

/* Begin PBXNativeTarget section */
		11B808DF2115375B0007861E /* Strain */ = {
			isa = PBXNativeTarget;
			buildConfigurationList = 11B808E72115375B0007861E /* Build configuration list for PBXNativeTarget "Strain" */;
			buildPhases = (
				11B808DC2115375B0007861E /* Sources */,
				11B808DD2115375B0007861E /* Frameworks */,
				11B808DE2115375B0007861E /* CopyFiles */,
			);
			buildRules = (
			);
			dependencies = (
			);
			name = Strain;
			productName = Strain;
			productReference = 11B808E02115375B0007861E /* Strain */;
			productType = "com.apple.product-type.tool";
		};
		11B808ED211537B10007861E /* Strain Test */ = {
			isa = PBXNativeTarget;
			buildConfigurationList = 11B808F3211537B10007861E /* Build configuration list for PBXNativeTarget "Strain Test" */;
			buildPhases = (
				11B808EA211537B10007861E /* Sources */,
				11B808EB211537B10007861E /* Frameworks */,
				11B808EC211537B10007861E /* Resources */,
			);
			buildRules = (
			);
			dependencies = (
			);
			name = "Strain Test";
			productName = "Strain Test";
			productReference = 11B808EE211537B10007861E /* Strain Test.xctest */;
			productType = "com.apple.product-type.bundle.unit-test";
		};
/* End PBXNativeTarget section */

/* Begin PBXProject section */
		11B808D82115375B0007861E /* Project object */ = {
			isa = PBXProject;
			attributes = {
				LastUpgradeCheck = 0940;
				ORGANIZATIONNAME = "Adam Felix";
				TargetAttributes = {
					11B808DF2115375B0007861E = {
						CreatedOnToolsVersion = 9.4.1;
					};
					11B808ED211537B10007861E = {
						CreatedOnToolsVersion = 9.4.1;
					};
				};
			};
			buildConfigurationList = 11B808DB2115375B0007861E /* Build configuration list for PBXProject "Strain" */;
			compatibilityVersion = "Xcode 9.3";
			developmentRegion = en;
			hasScannedForEncodings = 0;
			knownRegions = (
				en,
			);
			mainGroup = 11B808D72115375B0007861E;
			productRefGroup = 11B808E12115375B0007861E /* Products */;
			projectDirPath = "";
			projectRoot = "";
			targets = (
				11B808DF2115375B0007861E /* Strain */,
				11B808ED211537B10007861E /* Strain Test */,
			);
		};
/* End PBXProject section */

/* Begin PBXResourcesBuildPhase section */
		11B808EC211537B10007861E /* Resources */ = {
			isa = PBXResourcesBuildPhase;
			buildActionMask = 2147483647;
			files = (
				11B808F8211537C30007861E /* README.md in Resources */,
			);
			runOnlyForDeploymentPostprocessing = 0;
		};
/* End PBXResourcesBuildPhase section */

/* Begin PBXSourcesBuildPhase section */
		11B808DC2115375B0007861E /* Sources */ = {
			isa = PBXSourcesBuildPhase;
			buildActionMask = 2147483647;
			files = (
				11B808E42115375B0007861E /* main.m in Sources */,
			);
			runOnlyForDeploymentPostprocessing = 0;
		};
		11B808EA211537B10007861E /* Sources */ = {
			isa = PBXSourcesBuildPhase;
			buildActionMask = 2147483647;
			files = (
				11B808FC211537EF0007861E /* Strain.m in Sources */,
				11B808F1211537B10007861E /* Strain_Test.m in Sources */,
			);
			runOnlyForDeploymentPostprocessing = 0;
		};
/* End PBXSourcesBuildPhase section */

/* Begin XCBuildConfiguration section */
		11B808E52115375B0007861E /* Debug */ = {
			isa = XCBuildConfiguration;
			buildSettings = {
				ALWAYS_SEARCH_USER_PATHS = NO;
				CLANG_ANALYZER_NONNULL = YES;
				CLANG_ANALYZER_NUMBER_OBJECT_CONVERSION = YES_AGGRESSIVE;
				CLANG_CXX_LANGUAGE_STANDARD = "gnu++14";
				CLANG_CXX_LIBRARY = "libc++";
				CLANG_ENABLE_MODULES = YES;
				CLANG_ENABLE_OBJC_ARC = YES;
				CLANG_ENABLE_OBJC_WEAK = YES;
				CLANG_WARN_BLOCK_CAPTURE_AUTORELEASING = YES;
				CLANG_WARN_BOOL_CONVERSION = YES;
				CLANG_WARN_COMMA = YES;
				CLANG_WARN_CONSTANT_CONVERSION = YES;
				CLANG_WARN_DEPRECATED_OBJC_IMPLEMENTATIONS = YES;
				CLANG_WARN_DIRECT_OBJC_ISA_USAGE = YES_ERROR;
				CLANG_WARN_DOCUMENTATION_COMMENTS = YES;
				CLANG_WARN_EMPTY_BODY = YES;
				CLANG_WARN_ENUM_CONVERSION = YES;
				CLANG_WARN_INFINITE_RECURSION = YES;
				CLANG_WARN_INT_CONVERSION = YES;
				CLANG_WARN_NON_LITERAL_NULL_CONVERSION = YES;
				CLANG_WARN_OBJC_IMPLICIT_RETAIN_SELF = YES;
				CLANG_WARN_OBJC_LITERAL_CONVERSION = YES;
				CLANG_WARN_OBJC_ROOT_CLASS = YES_ERROR;
				CLANG_WARN_RANGE_LOOP_ANALYSIS = YES;
				CLANG_WARN_STRICT_PROTOTYPES = YES;
				CLANG_WARN_SUSPICIOUS_MOVE = YES;
				CLANG_WARN_UNGUARDED_AVAILABILITY = YES_AGGRESSIVE;
				CLANG_WARN_UNREACHABLE_CODE = YES;
				CLANG_WARN__DUPLICATE_METHOD_MATCH = YES;
				CODE_SIGN_IDENTITY = "-";
				COPY_PHASE_STRIP = NO;
				DEBUG_INFORMATION_FORMAT = dwarf;
				ENABLE_STRICT_OBJC_MSGSEND = YES;
				ENABLE_TESTABILITY = YES;
				GCC_C_LANGUAGE_STANDARD = gnu11;
				GCC_DYNAMIC_NO_PIC = NO;
				GCC_NO_COMMON_BLOCKS = YES;
				GCC_OPTIMIZATION_LEVEL = 0;
				GCC_PREPROCESSOR_DEFINITIONS = (
					"DEBUG=1",
					"$(inherited)",
				);
				GCC_WARN_64_TO_32_BIT_CONVERSION = YES;
				GCC_WARN_ABOUT_RETURN_TYPE = YES_ERROR;
				GCC_WARN_UNDECLARED_SELECTOR = YES;
				GCC_WARN_UNINITIALIZED_AUTOS = YES_AGGRESSIVE;
				GCC_WARN_UNUSED_FUNCTION = YES;
				GCC_WARN_UNUSED_VARIABLE = YES;
				MACOSX_DEPLOYMENT_TARGET = 10.13;
				MTL_ENABLE_DEBUG_INFO = YES;
				ONLY_ACTIVE_ARCH = YES;
				SDKROOT = macosx;
			};
			name = Debug;
		};
		11B808E62115375B0007861E /* Release */ = {
			isa = XCBuildConfiguration;
			buildSettings = {
				ALWAYS_SEARCH_USER_PATHS = NO;
				CLANG_ANALYZER_NONNULL = YES;
				CLANG_ANALYZER_NUMBER_OBJECT_CONVERSION = YES_AGGRESSIVE;
				CLANG_CXX_LANGUAGE_STANDARD = "gnu++14";
				CLANG_CXX_LIBRARY = "libc++";
				CLANG_ENABLE_MODULES = YES;
				CLANG_ENABLE_OBJC_ARC = YES;
				CLANG_ENABLE_OBJC_WEAK = YES;
				CLANG_WARN_BLOCK_CAPTURE_AUTORELEASING = YES;
				CLANG_WARN_BOOL_CONVERSION = YES;
				CLANG_WARN_COMMA = YES;
				CLANG_WARN_CONSTANT_CONVERSION = YES;
				CLANG_WARN_DEPRECATED_OBJC_IMPLEMENTATIONS = YES;
				CLANG_WARN_DIRECT_OBJC_ISA_USAGE = YES_ERROR;
				CLANG_WARN_DOCUMENTATION_COMMENTS = YES;
				CLANG_WARN_EMPTY_BODY = YES;
				CLANG_WARN_ENUM_CONVERSION = YES;
				CLANG_WARN_INFINITE_RECURSION = YES;
				CLANG_WARN_INT_CONVERSION = YES;
				CLANG_WARN_NON_LITERAL_NULL_CONVERSION = YES;
				CLANG_WARN_OBJC_IMPLICIT_RETAIN_SELF = YES;
				CLANG_WARN_OBJC_LITERAL_CONVERSION = YES;
				CLANG_WARN_OBJC_ROOT_CLASS = YES_ERROR;
				CLANG_WARN_RANGE_LOOP_ANALYSIS = YES;
				CLANG_WARN_STRICT_PROTOTYPES = YES;
				CLANG_WARN_SUSPICIOUS_MOVE = YES;
				CLANG_WARN_UNGUARDED_AVAILABILITY = YES_AGGRESSIVE;
				CLANG_WARN_UNREACHABLE_CODE = YES;
				CLANG_WARN__DUPLICATE_METHOD_MATCH = YES;
				CODE_SIGN_IDENTITY = "-";
				COPY_PHASE_STRIP = NO;
				DEBUG_INFORMATION_FORMAT = "dwarf-with-dsym";
				ENABLE_NS_ASSERTIONS = NO;
				ENABLE_STRICT_OBJC_MSGSEND = YES;
				GCC_C_LANGUAGE_STANDARD = gnu11;
				GCC_NO_COMMON_BLOCKS = YES;
				GCC_WARN_64_TO_32_BIT_CONVERSION = YES;
				GCC_WARN_ABOUT_RETURN_TYPE = YES_ERROR;
				GCC_WARN_UNDECLARED_SELECTOR = YES;
				GCC_WARN_UNINITIALIZED_AUTOS = YES_AGGRESSIVE;
				GCC_WARN_UNUSED_FUNCTION = YES;
				GCC_WARN_UNUSED_VARIABLE = YES;
				MACOSX_DEPLOYMENT_TARGET = 10.13;
				MTL_ENABLE_DEBUG_INFO = NO;
				SDKROOT = macosx;
			};
			name = Release;
		};
		11B808E82115375B0007861E /* Debug */ = {
			isa = XCBuildConfiguration;
			buildSettings = {
				CODE_SIGN_STYLE = Automatic;
				PRODUCT_NAME = "$(TARGET_NAME)";
			};
			name = Debug;
		};
		11B808E92115375B0007861E /* Release */ = {
			isa = XCBuildConfiguration;
			buildSettings = {
				CODE_SIGN_STYLE = Automatic;
				PRODUCT_NAME = "$(TARGET_NAME)";
			};
			name = Release;
		};
		11B808F4211537B10007861E /* Debug */ = {
			isa = XCBuildConfiguration;
			buildSettings = {
				CODE_SIGN_STYLE = Automatic;
				COMBINE_HIDPI_IMAGES = YES;
				INFOPLIST_FILE = "Strain Test/Info.plist";
				LD_RUNPATH_SEARCH_PATHS = (
					"$(inherited)",
					"@executable_path/../Frameworks",
					"@loader_path/../Frameworks",
				);
				PRODUCT_BUNDLE_IDENTIFIER = "com.adamfelix.Strain-Test";
				PRODUCT_NAME = "$(TARGET_NAME)";
			};
			name = Debug;
		};
		11B808F5211537B10007861E /* Release */ = {
			isa = XCBuildConfiguration;
			buildSettings = {
				CODE_SIGN_STYLE = Automatic;
				COMBINE_HIDPI_IMAGES = YES;
				INFOPLIST_FILE = "Strain Test/Info.plist";
				LD_RUNPATH_SEARCH_PATHS = (
					"$(inherited)",
					"@executable_path/../Frameworks",
					"@loader_path/../Frameworks",
				);
				PRODUCT_BUNDLE_IDENTIFIER = "com.adamfelix.Strain-Test";
				PRODUCT_NAME = "$(TARGET_NAME)";
			};
			name = Release;
		};
/* End XCBuildConfiguration section */

/* Begin XCConfigurationList section */
		11B808DB2115375B0007861E /* Build configuration list for PBXProject "Strain" */ = {
			isa = XCConfigurationList;
			buildConfigurations = (
				11B808E52115375B0007861E /* Debug */,
				11B808E62115375B0007861E /* Release */,
			);
			defaultConfigurationIsVisible = 0;
			defaultConfigurationName = Release;
		};
		11B808E72115375B0007861E /* Build configuration list for PBXNativeTarget "Strain" */ = {
			isa = XCConfigurationList;
			buildConfigurations = (
				11B808E82115375B0007861E /* Debug */,
				11B808E92115375B0007861E /* Release */,
			);
			defaultConfigurationIsVisible = 0;
			defaultConfigurationName = Release;
		};
		11B808F3211537B10007861E /* Build configuration list for PBXNativeTarget "Strain Test" */ = {
			isa = XCConfigurationList;
			buildConfigurations = (
				11B808F4211537B10007861E /* Debug */,
				11B808F5211537B10007861E /* Release */,
			);
			defaultConfigurationIsVisible = 0;
			defaultConfigurationName = Release;
		};
/* End XCConfigurationList section */
	};
	rootObject = 11B808D82115375B0007861E /* Project object */;
}
