// !$*UTF8*$!
{
	archiveVersion = 1;
	classes = {
	};
	objectVersion = 50;
	objects = {

/* Begin PBXBuildFile section */
		11FC826D2147271300E1E072 /* main.m in Sources */ = {isa = PBXBuildFile; fileRef = 11FC826C2147271300E1E072 /* main.m */; };
		11FC827A2147274200E1E072 /* Hamming_Tests.m in Sources */ = {isa = PBXBuildFile; fileRef = 11FC82792147274200E1E072 /* Hamming_Tests.m */; };
		11FC82852147276400E1E072 /* README.md in Resources */ = {isa = PBXBuildFile; fileRef = 11FC82832147276400E1E072 /* README.md */; };
		11FC8288214727B900E1E072 /* Hamming.m in Sources */ = {isa = PBXBuildFile; fileRef = 11FC8287214727B900E1E072 /* Hamming.m */; };
/* End PBXBuildFile section */

/* Begin PBXCopyFilesBuildPhase section */
		11FC82672147271300E1E072 /* CopyFiles */ = {
			isa = PBXCopyFilesBuildPhase;
			buildActionMask = 2147483647;
			dstPath = /usr/share/man/man1/;
			dstSubfolderSpec = 0;
			files = (
			);
			runOnlyForDeploymentPostprocessing = 1;
		};
/* End PBXCopyFilesBuildPhase section */

/* Begin PBXFileReference section */
		11FC82692147271300E1E072 /* Hamming */ = {isa = PBXFileReference; explicitFileType = "compiled.mach-o.executable"; includeInIndex = 0; path = Hamming; sourceTree = BUILT_PRODUCTS_DIR; };
		11FC826C2147271300E1E072 /* main.m */ = {isa = PBXFileReference; lastKnownFileType = sourcecode.c.objc; path = main.m; sourceTree = "<group>"; };
		11FC82772147274200E1E072 /* Hamming Tests.xctest */ = {isa = PBXFileReference; explicitFileType = wrapper.cfbundle; includeInIndex = 0; path = "Hamming Tests.xctest"; sourceTree = BUILT_PRODUCTS_DIR; };
		11FC82792147274200E1E072 /* Hamming_Tests.m */ = {isa = PBXFileReference; lastKnownFileType = sourcecode.c.objc; path = Hamming_Tests.m; sourceTree = "<group>"; };
		11FC827B2147274200E1E072 /* Info.plist */ = {isa = PBXFileReference; lastKnownFileType = text.plist.xml; path = Info.plist; sourceTree = "<group>"; };
		11FC82832147276400E1E072 /* README.md */ = {isa = PBXFileReference; fileEncoding = 4; lastKnownFileType = net.daringfireball.markdown; path = README.md; sourceTree = "<group>"; };
		11FC8286214727B900E1E072 /* Hamming.h */ = {isa = PBXFileReference; lastKnownFileType = sourcecode.c.h; path = Hamming.h; sourceTree = "<group>"; };
		11FC8287214727B900E1E072 /* Hamming.m */ = {isa = PBXFileReference; lastKnownFileType = sourcecode.c.objc; path = Hamming.m; sourceTree = "<group>"; };
/* End PBXFileReference section */

/* Begin PBXFrameworksBuildPhase section */
		11FC82662147271300E1E072 /* Frameworks */ = {
			isa = PBXFrameworksBuildPhase;
			buildActionMask = 2147483647;
			files = (
			);
			runOnlyForDeploymentPostprocessing = 0;
		};
		11FC82742147274200E1E072 /* Frameworks */ = {
			isa = PBXFrameworksBuildPhase;
			buildActionMask = 2147483647;
			files = (
			);
			runOnlyForDeploymentPostprocessing = 0;
		};
/* End PBXFrameworksBuildPhase section */

/* Begin PBXGroup section */
		11FC82602147271300E1E072 = {
			isa = PBXGroup;
			children = (
				11FC826B2147271300E1E072 /* Hamming */,
				11FC82782147274200E1E072 /* Hamming Tests */,
				11FC826A2147271300E1E072 /* Products */,
			);
			sourceTree = "<group>";
		};
		11FC826A2147271300E1E072 /* Products */ = {
			isa = PBXGroup;
			children = (
				11FC82692147271300E1E072 /* Hamming */,
				11FC82772147274200E1E072 /* Hamming Tests.xctest */,
			);
			name = Products;
			sourceTree = "<group>";
		};
		11FC826B2147271300E1E072 /* Hamming */ = {
			isa = PBXGroup;
			children = (
				11FC826C2147271300E1E072 /* main.m */,
			);
			path = Hamming;
			sourceTree = "<group>";
		};
		11FC82782147274200E1E072 /* Hamming Tests */ = {
			isa = PBXGroup;
			children = (
				11FC82832147276400E1E072 /* README.md */,
				11FC8286214727B900E1E072 /* Hamming.h */,
				11FC8287214727B900E1E072 /* Hamming.m */,
				11FC82792147274200E1E072 /* Hamming_Tests.m */,
				11FC827B2147274200E1E072 /* Info.plist */,
			);
			path = "Hamming Tests";
			sourceTree = "<group>";
		};
/* End PBXGroup section */

/* Begin PBXNativeTarget section */
		11FC82682147271300E1E072 /* Hamming */ = {
			isa = PBXNativeTarget;
			buildConfigurationList = 11FC82702147271300E1E072 /* Build configuration list for PBXNativeTarget "Hamming" */;
			buildPhases = (
				11FC82652147271300E1E072 /* Sources */,
				11FC82662147271300E1E072 /* Frameworks */,
				11FC82672147271300E1E072 /* CopyFiles */,
			);
			buildRules = (
			);
			dependencies = (
			);
			name = Hamming;
			productName = Hamming;
			productReference = 11FC82692147271300E1E072 /* Hamming */;
			productType = "com.apple.product-type.tool";
		};
		11FC82762147274200E1E072 /* Hamming Tests */ = {
			isa = PBXNativeTarget;
			buildConfigurationList = 11FC827C2147274200E1E072 /* Build configuration list for PBXNativeTarget "Hamming Tests" */;
			buildPhases = (
				11FC82732147274200E1E072 /* Sources */,
				11FC82742147274200E1E072 /* Frameworks */,
				11FC82752147274200E1E072 /* Resources */,
			);
			buildRules = (
			);
			dependencies = (
			);
			name = "Hamming Tests";
			productName = "Hamming Tests";
			productReference = 11FC82772147274200E1E072 /* Hamming Tests.xctest */;
			productType = "com.apple.product-type.bundle.unit-test";
		};
/* End PBXNativeTarget section */

/* Begin PBXProject section */
		11FC82612147271300E1E072 /* Project object */ = {
			isa = PBXProject;
			attributes = {
				LastUpgradeCheck = 0940;
				ORGANIZATIONNAME = "Adam Felix";
				TargetAttributes = {
					11FC82682147271300E1E072 = {
						CreatedOnToolsVersion = 9.4.1;
					};
					11FC82762147274200E1E072 = {
						CreatedOnToolsVersion = 9.4.1;
					};
				};
			};
			buildConfigurationList = 11FC82642147271300E1E072 /* Build configuration list for PBXProject "Hamming" */;
			compatibilityVersion = "Xcode 9.3";
			developmentRegion = en;
			hasScannedForEncodings = 0;
			knownRegions = (
				en,
			);
			mainGroup = 11FC82602147271300E1E072;
			productRefGroup = 11FC826A2147271300E1E072 /* Products */;
			projectDirPath = "";
			projectRoot = "";
			targets = (
				11FC82682147271300E1E072 /* Hamming */,
				11FC82762147274200E1E072 /* Hamming Tests */,
			);
		};
/* End PBXProject section */

/* Begin PBXResourcesBuildPhase section */
		11FC82752147274200E1E072 /* Resources */ = {
			isa = PBXResourcesBuildPhase;
			buildActionMask = 2147483647;
			files = (
				11FC82852147276400E1E072 /* README.md in Resources */,
			);
			runOnlyForDeploymentPostprocessing = 0;
		};
/* End PBXResourcesBuildPhase section */

/* Begin PBXSourcesBuildPhase section */
		11FC82652147271300E1E072 /* Sources */ = {
			isa = PBXSourcesBuildPhase;
			buildActionMask = 2147483647;
			files = (
				11FC826D2147271300E1E072 /* main.m in Sources */,
			);
			runOnlyForDeploymentPostprocessing = 0;
		};
		11FC82732147274200E1E072 /* Sources */ = {
			isa = PBXSourcesBuildPhase;
			buildActionMask = 2147483647;
			files = (
				11FC827A2147274200E1E072 /* Hamming_Tests.m in Sources */,
				11FC8288214727B900E1E072 /* Hamming.m in Sources */,
			);
			runOnlyForDeploymentPostprocessing = 0;
		};
/* End PBXSourcesBuildPhase section */

/* Begin XCBuildConfiguration section */
		11FC826E2147271300E1E072 /* Debug */ = {
			isa = XCBuildConfiguration;
			buildSettings = {
				ALWAYS_SEARCH_USER_PATHS = NO;
				CLANG_ANALYZER_NONNULL = YES;
				CLANG_ANALYZER_NUMBER_OBJECT_CONVERSION = YES_AGGRESSIVE;
				CLANG_CXX_LANGUAGE_STANDARD = "gnu++14";
				CLANG_CXX_LIBRARY = "libc++";
				CLANG_ENABLE_MODULES = YES;
				CLANG_ENABLE_OBJC_ARC = YES;
				CLANG_ENABLE_OBJC_WEAK = YES;
				CLANG_WARN_BLOCK_CAPTURE_AUTORELEASING = YES;
				CLANG_WARN_BOOL_CONVERSION = YES;
				CLANG_WARN_COMMA = YES;
				CLANG_WARN_CONSTANT_CONVERSION = YES;
				CLANG_WARN_DEPRECATED_OBJC_IMPLEMENTATIONS = YES;
				CLANG_WARN_DIRECT_OBJC_ISA_USAGE = YES_ERROR;
				CLANG_WARN_DOCUMENTATION_COMMENTS = YES;
				CLANG_WARN_EMPTY_BODY = YES;
				CLANG_WARN_ENUM_CONVERSION = YES;
				CLANG_WARN_INFINITE_RECURSION = YES;
				CLANG_WARN_INT_CONVERSION = YES;
				CLANG_WARN_NON_LITERAL_NULL_CONVERSION = YES;
				CLANG_WARN_OBJC_IMPLICIT_RETAIN_SELF = YES;
				CLANG_WARN_OBJC_LITERAL_CONVERSION = YES;
				CLANG_WARN_OBJC_ROOT_CLASS = YES_ERROR;
				CLANG_WARN_RANGE_LOOP_ANALYSIS = YES;
				CLANG_WARN_STRICT_PROTOTYPES = YES;
				CLANG_WARN_SUSPICIOUS_MOVE = YES;
				CLANG_WARN_UNGUARDED_AVAILABILITY = YES_AGGRESSIVE;
				CLANG_WARN_UNREACHABLE_CODE = YES;
				CLANG_WARN__DUPLICATE_METHOD_MATCH = YES;
				CODE_SIGN_IDENTITY = "-";
				COPY_PHASE_STRIP = NO;
				DEBUG_INFORMATION_FORMAT = dwarf;
				ENABLE_STRICT_OBJC_MSGSEND = YES;
				ENABLE_TESTABILITY = YES;
				GCC_C_LANGUAGE_STANDARD = gnu11;
				GCC_DYNAMIC_NO_PIC = NO;
				GCC_NO_COMMON_BLOCKS = YES;
				GCC_OPTIMIZATION_LEVEL = 0;
				GCC_PREPROCESSOR_DEFINITIONS = (
					"DEBUG=1",
					"$(inherited)",
				);
				GCC_WARN_64_TO_32_BIT_CONVERSION = YES;
				GCC_WARN_ABOUT_RETURN_TYPE = YES_ERROR;
				GCC_WARN_UNDECLARED_SELECTOR = YES;
				GCC_WARN_UNINITIALIZED_AUTOS = YES_AGGRESSIVE;
				GCC_WARN_UNUSED_FUNCTION = YES;
				GCC_WARN_UNUSED_VARIABLE = YES;
				MACOSX_DEPLOYMENT_TARGET = 10.13;
				MTL_ENABLE_DEBUG_INFO = YES;
				ONLY_ACTIVE_ARCH = YES;
				SDKROOT = macosx;
			};
			name = Debug;
		};
		11FC826F2147271300E1E072 /* Release */ = {
			isa = XCBuildConfiguration;
			buildSettings = {
				ALWAYS_SEARCH_USER_PATHS = NO;
				CLANG_ANALYZER_NONNULL = YES;
				CLANG_ANALYZER_NUMBER_OBJECT_CONVERSION = YES_AGGRESSIVE;
				CLANG_CXX_LANGUAGE_STANDARD = "gnu++14";
				CLANG_CXX_LIBRARY = "libc++";
				CLANG_ENABLE_MODULES = YES;
				CLANG_ENABLE_OBJC_ARC = YES;
				CLANG_ENABLE_OBJC_WEAK = YES;
				CLANG_WARN_BLOCK_CAPTURE_AUTORELEASING = YES;
				CLANG_WARN_BOOL_CONVERSION = YES;
				CLANG_WARN_COMMA = YES;
				CLANG_WARN_CONSTANT_CONVERSION = YES;
				CLANG_WARN_DEPRECATED_OBJC_IMPLEMENTATIONS = YES;
				CLANG_WARN_DIRECT_OBJC_ISA_USAGE = YES_ERROR;
				CLANG_WARN_DOCUMENTATION_COMMENTS = YES;
				CLANG_WARN_EMPTY_BODY = YES;
				CLANG_WARN_ENUM_CONVERSION = YES;
				CLANG_WARN_INFINITE_RECURSION = YES;
				CLANG_WARN_INT_CONVERSION = YES;
				CLANG_WARN_NON_LITERAL_NULL_CONVERSION = YES;
				CLANG_WARN_OBJC_IMPLICIT_RETAIN_SELF = YES;
				CLANG_WARN_OBJC_LITERAL_CONVERSION = YES;
				CLANG_WARN_OBJC_ROOT_CLASS = YES_ERROR;
				CLANG_WARN_RANGE_LOOP_ANALYSIS = YES;
				CLANG_WARN_STRICT_PROTOTYPES = YES;
				CLANG_WARN_SUSPICIOUS_MOVE = YES;
				CLANG_WARN_UNGUARDED_AVAILABILITY = YES_AGGRESSIVE;
				CLANG_WARN_UNREACHABLE_CODE = YES;
				CLANG_WARN__DUPLICATE_METHOD_MATCH = YES;
				CODE_SIGN_IDENTITY = "-";
				COPY_PHASE_STRIP = NO;
				DEBUG_INFORMATION_FORMAT = "dwarf-with-dsym";
				ENABLE_NS_ASSERTIONS = NO;
				ENABLE_STRICT_OBJC_MSGSEND = YES;
				GCC_C_LANGUAGE_STANDARD = gnu11;
				GCC_NO_COMMON_BLOCKS = YES;
				GCC_WARN_64_TO_32_BIT_CONVERSION = YES;
				GCC_WARN_ABOUT_RETURN_TYPE = YES_ERROR;
				GCC_WARN_UNDECLARED_SELECTOR = YES;
				GCC_WARN_UNINITIALIZED_AUTOS = YES_AGGRESSIVE;
				GCC_WARN_UNUSED_FUNCTION = YES;
				GCC_WARN_UNUSED_VARIABLE = YES;
				MACOSX_DEPLOYMENT_TARGET = 10.13;
				MTL_ENABLE_DEBUG_INFO = NO;
				SDKROOT = macosx;
			};
			name = Release;
		};
		11FC82712147271300E1E072 /* Debug */ = {
			isa = XCBuildConfiguration;
			buildSettings = {
				CODE_SIGN_STYLE = Automatic;
				PRODUCT_NAME = "$(TARGET_NAME)";
			};
			name = Debug;
		};
		11FC82722147271300E1E072 /* Release */ = {
			isa = XCBuildConfiguration;
			buildSettings = {
				CODE_SIGN_STYLE = Automatic;
				PRODUCT_NAME = "$(TARGET_NAME)";
			};
			name = Release;
		};
		11FC827D2147274200E1E072 /* Debug */ = {
			isa = XCBuildConfiguration;
			buildSettings = {
				CODE_SIGN_STYLE = Automatic;
				COMBINE_HIDPI_IMAGES = YES;
				INFOPLIST_FILE = "Hamming Tests/Info.plist";
				LD_RUNPATH_SEARCH_PATHS = (
					"$(inherited)",
					"@executable_path/../Frameworks",
					"@loader_path/../Frameworks",
				);
				PRODUCT_BUNDLE_IDENTIFIER = "com.adamfelix.Hamming-Tests";
				PRODUCT_NAME = "$(TARGET_NAME)";
			};
			name = Debug;
		};
		11FC827E2147274200E1E072 /* Release */ = {
			isa = XCBuildConfiguration;
			buildSettings = {
				CODE_SIGN_STYLE = Automatic;
				COMBINE_HIDPI_IMAGES = YES;
				INFOPLIST_FILE = "Hamming Tests/Info.plist";
				LD_RUNPATH_SEARCH_PATHS = (
					"$(inherited)",
					"@executable_path/../Frameworks",
					"@loader_path/../Frameworks",
				);
				PRODUCT_BUNDLE_IDENTIFIER = "com.adamfelix.Hamming-Tests";
				PRODUCT_NAME = "$(TARGET_NAME)";
			};
			name = Release;
		};
/* End XCBuildConfiguration section */

/* Begin XCConfigurationList section */
		11FC82642147271300E1E072 /* Build configuration list for PBXProject "Hamming" */ = {
			isa = XCConfigurationList;
			buildConfigurations = (
				11FC826E2147271300E1E072 /* Debug */,
				11FC826F2147271300E1E072 /* Release */,
			);
			defaultConfigurationIsVisible = 0;
			defaultConfigurationName = Release;
		};
		11FC82702147271300E1E072 /* Build configuration list for PBXNativeTarget "Hamming" */ = {
			isa = XCConfigurationList;
			buildConfigurations = (
				11FC82712147271300E1E072 /* Debug */,
				11FC82722147271300E1E072 /* Release */,
			);
			defaultConfigurationIsVisible = 0;
			defaultConfigurationName = Release;
		};
		11FC827C2147274200E1E072 /* Build configuration list for PBXNativeTarget "Hamming Tests" */ = {
			isa = XCConfigurationList;
			buildConfigurations = (
				11FC827D2147274200E1E072 /* Debug */,
				11FC827E2147274200E1E072 /* Release */,
			);
			defaultConfigurationIsVisible = 0;
			defaultConfigurationName = Release;
		};
/* End XCConfigurationList section */
	};
	rootObject = 11FC82612147271300E1E072 /* Project object */;
}
