// !$*UTF8*$!
{
	archiveVersion = 1;
	classes = {
	};
	objectVersion = 50;
	objects = {

/* Begin PBXBuildFile section */
		1121209D21169F12006EB49A /* main.m in Sources */ = {isa = PBXBuildFile; fileRef = 1121209C21169F12006EB49A /* main.m */; };
		112120AA21169F32006EB49A /* Isogram_Tests.m in Sources */ = {isa = PBXBuildFile; fileRef = 112120A921169F32006EB49A /* Isogram_Tests.m */; };
		112120B821169F81006EB49A /* Isogram.m in Sources */ = {isa = PBXBuildFile; fileRef = 112120B721169F81006EB49A /* Isogram.m */; };
/* End PBXBuildFile section */

/* Begin PBXCopyFilesBuildPhase section */
		1121209721169F12006EB49A /* CopyFiles */ = {
			isa = PBXCopyFilesBuildPhase;
			buildActionMask = 2147483647;
			dstPath = /usr/share/man/man1/;
			dstSubfolderSpec = 0;
			files = (
			);
			runOnlyForDeploymentPostprocessing = 1;
		};
/* End PBXCopyFilesBuildPhase section */

/* Begin PBXFileReference section */
		1121209921169F12006EB49A /* Isogram */ = {isa = PBXFileReference; explicitFileType = "compiled.mach-o.executable"; includeInIndex = 0; path = Isogram; sourceTree = BUILT_PRODUCTS_DIR; };
		1121209C21169F12006EB49A /* main.m */ = {isa = PBXFileReference; lastKnownFileType = sourcecode.c.objc; path = main.m; sourceTree = "<group>"; };
		112120A721169F32006EB49A /* Isogram Tests.xctest */ = {isa = PBXFileReference; explicitFileType = wrapper.cfbundle; includeInIndex = 0; path = "Isogram Tests.xctest"; sourceTree = BUILT_PRODUCTS_DIR; };
		112120A921169F32006EB49A /* Isogram_Tests.m */ = {isa = PBXFileReference; lastKnownFileType = sourcecode.c.objc; path = Isogram_Tests.m; sourceTree = "<group>"; };
		112120AB21169F32006EB49A /* Info.plist */ = {isa = PBXFileReference; lastKnownFileType = text.plist.xml; path = Info.plist; sourceTree = "<group>"; };
		112120B021169F3D006EB49A /* README.md */ = {isa = PBXFileReference; fileEncoding = 4; lastKnownFileType = net.daringfireball.markdown; path = README.md; sourceTree = "<group>"; };
		112120B621169F81006EB49A /* Isogram.h */ = {isa = PBXFileReference; lastKnownFileType = sourcecode.c.h; path = Isogram.h; sourceTree = "<group>"; };
		112120B721169F81006EB49A /* Isogram.m */ = {isa = PBXFileReference; lastKnownFileType = sourcecode.c.objc; path = Isogram.m; sourceTree = "<group>"; };
/* End PBXFileReference section */

/* Begin PBXFrameworksBuildPhase section */
		1121209621169F12006EB49A /* Frameworks */ = {
			isa = PBXFrameworksBuildPhase;
			buildActionMask = 2147483647;
			files = (
			);
			runOnlyForDeploymentPostprocessing = 0;
		};
		112120A421169F32006EB49A /* Frameworks */ = {
			isa = PBXFrameworksBuildPhase;
			buildActionMask = 2147483647;
			files = (
			);
			runOnlyForDeploymentPostprocessing = 0;
		};
/* End PBXFrameworksBuildPhase section */

/* Begin PBXGroup section */
		1121209021169F12006EB49A = {
			isa = PBXGroup;
			children = (
				1121209B21169F12006EB49A /* Isogram */,
				112120A821169F32006EB49A /* Isogram Tests */,
				1121209A21169F12006EB49A /* Products */,
			);
			sourceTree = "<group>";
		};
		1121209A21169F12006EB49A /* Products */ = {
			isa = PBXGroup;
			children = (
				1121209921169F12006EB49A /* Isogram */,
				112120A721169F32006EB49A /* Isogram Tests.xctest */,
			);
			name = Products;
			sourceTree = "<group>";
		};
		1121209B21169F12006EB49A /* Isogram */ = {
			isa = PBXGroup;
			children = (
				1121209C21169F12006EB49A /* main.m */,
			);
			path = Isogram;
			sourceTree = "<group>";
		};
		112120A821169F32006EB49A /* Isogram Tests */ = {
			isa = PBXGroup;
			children = (
				112120B021169F3D006EB49A /* README.md */,
				112120B621169F81006EB49A /* Isogram.h */,
				112120B721169F81006EB49A /* Isogram.m */,
				112120A921169F32006EB49A /* Isogram_Tests.m */,
				112120AB21169F32006EB49A /* Info.plist */,
			);
			path = "Isogram Tests";
			sourceTree = "<group>";
		};
/* End PBXGroup section */

/* Begin PBXNativeTarget section */
		1121209821169F12006EB49A /* Isogram */ = {
			isa = PBXNativeTarget;
			buildConfigurationList = 112120A021169F12006EB49A /* Build configuration list for PBXNativeTarget "Isogram" */;
			buildPhases = (
				1121209521169F12006EB49A /* Sources */,
				1121209621169F12006EB49A /* Frameworks */,
				1121209721169F12006EB49A /* CopyFiles */,
			);
			buildRules = (
			);
			dependencies = (
			);
			name = Isogram;
			productName = Isogram;
			productReference = 1121209921169F12006EB49A /* Isogram */;
			productType = "com.apple.product-type.tool";
		};
		112120A621169F32006EB49A /* Isogram Tests */ = {
			isa = PBXNativeTarget;
			buildConfigurationList = 112120AC21169F32006EB49A /* Build configuration list for PBXNativeTarget "Isogram Tests" */;
			buildPhases = (
				112120A321169F32006EB49A /* Sources */,
				112120A421169F32006EB49A /* Frameworks */,
				112120A521169F32006EB49A /* Resources */,
			);
			buildRules = (
			);
			dependencies = (
			);
			name = "Isogram Tests";
			productName = "Isogram Tests";
			productReference = 112120A721169F32006EB49A /* Isogram Tests.xctest */;
			productType = "com.apple.product-type.bundle.unit-test";
		};
/* End PBXNativeTarget section */

/* Begin PBXProject section */
		1121209121169F12006EB49A /* Project object */ = {
			isa = PBXProject;
			attributes = {
				LastUpgradeCheck = 0940;
				ORGANIZATIONNAME = "Adam Felix";
				TargetAttributes = {
					1121209821169F12006EB49A = {
						CreatedOnToolsVersion = 9.4.1;
					};
					112120A621169F32006EB49A = {
						CreatedOnToolsVersion = 9.4.1;
					};
				};
			};
			buildConfigurationList = 1121209421169F12006EB49A /* Build configuration list for PBXProject "Isogram" */;
			compatibilityVersion = "Xcode 9.3";
			developmentRegion = en;
			hasScannedForEncodings = 0;
			knownRegions = (
				en,
			);
			mainGroup = 1121209021169F12006EB49A;
			productRefGroup = 1121209A21169F12006EB49A /* Products */;
			projectDirPath = "";
			projectRoot = "";
			targets = (
				1121209821169F12006EB49A /* Isogram */,
				112120A621169F32006EB49A /* Isogram Tests */,
			);
		};
/* End PBXProject section */

/* Begin PBXResourcesBuildPhase section */
		112120A521169F32006EB49A /* Resources */ = {
			isa = PBXResourcesBuildPhase;
			buildActionMask = 2147483647;
			files = (
			);
			runOnlyForDeploymentPostprocessing = 0;
		};
/* End PBXResourcesBuildPhase section */

/* Begin PBXSourcesBuildPhase section */
		1121209521169F12006EB49A /* Sources */ = {
			isa = PBXSourcesBuildPhase;
			buildActionMask = 2147483647;
			files = (
				1121209D21169F12006EB49A /* main.m in Sources */,
			);
			runOnlyForDeploymentPostprocessing = 0;
		};
		112120A321169F32006EB49A /* Sources */ = {
			isa = PBXSourcesBuildPhase;
			buildActionMask = 2147483647;
			files = (
				112120B821169F81006EB49A /* Isogram.m in Sources */,
				112120AA21169F32006EB49A /* Isogram_Tests.m in Sources */,
			);
			runOnlyForDeploymentPostprocessing = 0;
		};
/* End PBXSourcesBuildPhase section */

/* Begin XCBuildConfiguration section */
		1121209E21169F12006EB49A /* Debug */ = {
			isa = XCBuildConfiguration;
			buildSettings = {
				ALWAYS_SEARCH_USER_PATHS = NO;
				CLANG_ANALYZER_NONNULL = YES;
				CLANG_ANALYZER_NUMBER_OBJECT_CONVERSION = YES_AGGRESSIVE;
				CLANG_CXX_LANGUAGE_STANDARD = "gnu++14";
				CLANG_CXX_LIBRARY = "libc++";
				CLANG_ENABLE_MODULES = YES;
				CLANG_ENABLE_OBJC_ARC = YES;
				CLANG_ENABLE_OBJC_WEAK = YES;
				CLANG_WARN_BLOCK_CAPTURE_AUTORELEASING = YES;
				CLANG_WARN_BOOL_CONVERSION = YES;
				CLANG_WARN_COMMA = YES;
				CLANG_WARN_CONSTANT_CONVERSION = YES;
				CLANG_WARN_DEPRECATED_OBJC_IMPLEMENTATIONS = YES;
				CLANG_WARN_DIRECT_OBJC_ISA_USAGE = YES_ERROR;
				CLANG_WARN_DOCUMENTATION_COMMENTS = YES;
				CLANG_WARN_EMPTY_BODY = YES;
				CLANG_WARN_ENUM_CONVERSION = YES;
				CLANG_WARN_INFINITE_RECURSION = YES;
				CLANG_WARN_INT_CONVERSION = YES;
				CLANG_WARN_NON_LITERAL_NULL_CONVERSION = YES;
				CLANG_WARN_OBJC_IMPLICIT_RETAIN_SELF = YES;
				CLANG_WARN_OBJC_LITERAL_CONVERSION = YES;
				CLANG_WARN_OBJC_ROOT_CLASS = YES_ERROR;
				CLANG_WARN_RANGE_LOOP_ANALYSIS = YES;
				CLANG_WARN_STRICT_PROTOTYPES = YES;
				CLANG_WARN_SUSPICIOUS_MOVE = YES;
				CLANG_WARN_UNGUARDED_AVAILABILITY = YES_AGGRESSIVE;
				CLANG_WARN_UNREACHABLE_CODE = YES;
				CLANG_WARN__DUPLICATE_METHOD_MATCH = YES;
				CODE_SIGN_IDENTITY = "-";
				COPY_PHASE_STRIP = NO;
				DEBUG_INFORMATION_FORMAT = dwarf;
				ENABLE_STRICT_OBJC_MSGSEND = YES;
				ENABLE_TESTABILITY = YES;
				GCC_C_LANGUAGE_STANDARD = gnu11;
				GCC_DYNAMIC_NO_PIC = NO;
				GCC_NO_COMMON_BLOCKS = YES;
				GCC_OPTIMIZATION_LEVEL = 0;
				GCC_PREPROCESSOR_DEFINITIONS = (
					"DEBUG=1",
					"$(inherited)",
				);
				GCC_WARN_64_TO_32_BIT_CONVERSION = YES;
				GCC_WARN_ABOUT_RETURN_TYPE = YES_ERROR;
				GCC_WARN_UNDECLARED_SELECTOR = YES;
				GCC_WARN_UNINITIALIZED_AUTOS = YES_AGGRESSIVE;
				GCC_WARN_UNUSED_FUNCTION = YES;
				GCC_WARN_UNUSED_VARIABLE = YES;
				MACOSX_DEPLOYMENT_TARGET = 10.13;
				MTL_ENABLE_DEBUG_INFO = YES;
				ONLY_ACTIVE_ARCH = YES;
				SDKROOT = macosx;
			};
			name = Debug;
		};
		1121209F21169F12006EB49A /* Release */ = {
			isa = XCBuildConfiguration;
			buildSettings = {
				ALWAYS_SEARCH_USER_PATHS = NO;
				CLANG_ANALYZER_NONNULL = YES;
				CLANG_ANALYZER_NUMBER_OBJECT_CONVERSION = YES_AGGRESSIVE;
				CLANG_CXX_LANGUAGE_STANDARD = "gnu++14";
				CLANG_CXX_LIBRARY = "libc++";
				CLANG_ENABLE_MODULES = YES;
				CLANG_ENABLE_OBJC_ARC = YES;
				CLANG_ENABLE_OBJC_WEAK = YES;
				CLANG_WARN_BLOCK_CAPTURE_AUTORELEASING = YES;
				CLANG_WARN_BOOL_CONVERSION = YES;
				CLANG_WARN_COMMA = YES;
				CLANG_WARN_CONSTANT_CONVERSION = YES;
				CLANG_WARN_DEPRECATED_OBJC_IMPLEMENTATIONS = YES;
				CLANG_WARN_DIRECT_OBJC_ISA_USAGE = YES_ERROR;
				CLANG_WARN_DOCUMENTATION_COMMENTS = YES;
				CLANG_WARN_EMPTY_BODY = YES;
				CLANG_WARN_ENUM_CONVERSION = YES;
				CLANG_WARN_INFINITE_RECURSION = YES;
				CLANG_WARN_INT_CONVERSION = YES;
				CLANG_WARN_NON_LITERAL_NULL_CONVERSION = YES;
				CLANG_WARN_OBJC_IMPLICIT_RETAIN_SELF = YES;
				CLANG_WARN_OBJC_LITERAL_CONVERSION = YES;
				CLANG_WARN_OBJC_ROOT_CLASS = YES_ERROR;
				CLANG_WARN_RANGE_LOOP_ANALYSIS = YES;
				CLANG_WARN_STRICT_PROTOTYPES = YES;
				CLANG_WARN_SUSPICIOUS_MOVE = YES;
				CLANG_WARN_UNGUARDED_AVAILABILITY = YES_AGGRESSIVE;
				CLANG_WARN_UNREACHABLE_CODE = YES;
				CLANG_WARN__DUPLICATE_METHOD_MATCH = YES;
				CODE_SIGN_IDENTITY = "-";
				COPY_PHASE_STRIP = NO;
				DEBUG_INFORMATION_FORMAT = "dwarf-with-dsym";
				ENABLE_NS_ASSERTIONS = NO;
				ENABLE_STRICT_OBJC_MSGSEND = YES;
				GCC_C_LANGUAGE_STANDARD = gnu11;
				GCC_NO_COMMON_BLOCKS = YES;
				GCC_WARN_64_TO_32_BIT_CONVERSION = YES;
				GCC_WARN_ABOUT_RETURN_TYPE = YES_ERROR;
				GCC_WARN_UNDECLARED_SELECTOR = YES;
				GCC_WARN_UNINITIALIZED_AUTOS = YES_AGGRESSIVE;
				GCC_WARN_UNUSED_FUNCTION = YES;
				GCC_WARN_UNUSED_VARIABLE = YES;
				MACOSX_DEPLOYMENT_TARGET = 10.13;
				MTL_ENABLE_DEBUG_INFO = NO;
				SDKROOT = macosx;
			};
			name = Release;
		};
		112120A121169F12006EB49A /* Debug */ = {
			isa = XCBuildConfiguration;
			buildSettings = {
				CODE_SIGN_STYLE = Automatic;
				PRODUCT_NAME = "$(TARGET_NAME)";
			};
			name = Debug;
		};
		112120A221169F12006EB49A /* Release */ = {
			isa = XCBuildConfiguration;
			buildSettings = {
				CODE_SIGN_STYLE = Automatic;
				PRODUCT_NAME = "$(TARGET_NAME)";
			};
			name = Release;
		};
		112120AD21169F32006EB49A /* Debug */ = {
			isa = XCBuildConfiguration;
			buildSettings = {
				CODE_SIGN_STYLE = Automatic;
				COMBINE_HIDPI_IMAGES = YES;
				INFOPLIST_FILE = "Isogram Tests/Info.plist";
				LD_RUNPATH_SEARCH_PATHS = (
					"$(inherited)",
					"@executable_path/../Frameworks",
					"@loader_path/../Frameworks",
				);
				PRODUCT_BUNDLE_IDENTIFIER = "com.adamfelix.Isogram-Tests";
				PRODUCT_NAME = "$(TARGET_NAME)";
			};
			name = Debug;
		};
		112120AE21169F32006EB49A /* Release */ = {
			isa = XCBuildConfiguration;
			buildSettings = {
				CODE_SIGN_STYLE = Automatic;
				COMBINE_HIDPI_IMAGES = YES;
				INFOPLIST_FILE = "Isogram Tests/Info.plist";
				LD_RUNPATH_SEARCH_PATHS = (
					"$(inherited)",
					"@executable_path/../Frameworks",
					"@loader_path/../Frameworks",
				);
				PRODUCT_BUNDLE_IDENTIFIER = "com.adamfelix.Isogram-Tests";
				PRODUCT_NAME = "$(TARGET_NAME)";
			};
			name = Release;
		};
/* End XCBuildConfiguration section */

/* Begin XCConfigurationList section */
		1121209421169F12006EB49A /* Build configuration list for PBXProject "Isogram" */ = {
			isa = XCConfigurationList;
			buildConfigurations = (
				1121209E21169F12006EB49A /* Debug */,
				1121209F21169F12006EB49A /* Release */,
			);
			defaultConfigurationIsVisible = 0;
			defaultConfigurationName = Release;
		};
		112120A021169F12006EB49A /* Build configuration list for PBXNativeTarget "Isogram" */ = {
			isa = XCConfigurationList;
			buildConfigurations = (
				112120A121169F12006EB49A /* Debug */,
				112120A221169F12006EB49A /* Release */,
			);
			defaultConfigurationIsVisible = 0;
			defaultConfigurationName = Release;
		};
		112120AC21169F32006EB49A /* Build configuration list for PBXNativeTarget "Isogram Tests" */ = {
			isa = XCConfigurationList;
			buildConfigurations = (
				112120AD21169F32006EB49A /* Debug */,
				112120AE21169F32006EB49A /* Release */,
			);
			defaultConfigurationIsVisible = 0;
			defaultConfigurationName = Release;
		};
/* End XCConfigurationList section */
	};
	rootObject = 1121209121169F12006EB49A /* Project object */;
}
