// !$*UTF8*$!
{
	archiveVersion = 1;
	classes = {
	};
	objectVersion = 50;
	objects = {

/* Begin PBXBuildFile section */
		11FEA8A921188E2700478EF9 /* main.m in Sources */ = {isa = PBXBuildFile; fileRef = 11FEA8A821188E2700478EF9 /* main.m */; };
		11FEA8B621188E6300478EF9 /* RobotName_Tests.m in Sources */ = {isa = PBXBuildFile; fileRef = 11FEA8B521188E6300478EF9 /* RobotName_Tests.m */; };
		11FEA8BE21188E7700478EF9 /* README.md in Resources */ = {isa = PBXBuildFile; fileRef = 11FEA8BC21188E7700478EF9 /* README.md */; };
		11FEA8C121188EA300478EF9 /* Robot.m in Sources */ = {isa = PBXBuildFile; fileRef = 11FEA8C021188EA300478EF9 /* Robot.m */; };
/* End PBXBuildFile section */

/* Begin PBXCopyFilesBuildPhase section */
		11FEA8A321188E2700478EF9 /* CopyFiles */ = {
			isa = PBXCopyFilesBuildPhase;
			buildActionMask = 2147483647;
			dstPath = /usr/share/man/man1/;
			dstSubfolderSpec = 0;
			files = (
			);
			runOnlyForDeploymentPostprocessing = 1;
		};
/* End PBXCopyFilesBuildPhase section */

/* Begin PBXFileReference section */
		11FEA8A521188E2700478EF9 /* RobotName */ = {isa = PBXFileReference; explicitFileType = "compiled.mach-o.executable"; includeInIndex = 0; path = RobotName; sourceTree = BUILT_PRODUCTS_DIR; };
		11FEA8A821188E2700478EF9 /* main.m */ = {isa = PBXFileReference; lastKnownFileType = sourcecode.c.objc; path = main.m; sourceTree = "<group>"; };
		11FEA8B321188E6300478EF9 /* RobotName Tests.xctest */ = {isa = PBXFileReference; explicitFileType = wrapper.cfbundle; includeInIndex = 0; path = "RobotName Tests.xctest"; sourceTree = BUILT_PRODUCTS_DIR; };
		11FEA8B521188E6300478EF9 /* RobotName_Tests.m */ = {isa = PBXFileReference; lastKnownFileType = sourcecode.c.objc; path = RobotName_Tests.m; sourceTree = "<group>"; };
		11FEA8B721188E6300478EF9 /* Info.plist */ = {isa = PBXFileReference; lastKnownFileType = text.plist.xml; path = Info.plist; sourceTree = "<group>"; };
		11FEA8BC21188E7700478EF9 /* README.md */ = {isa = PBXFileReference; fileEncoding = 4; lastKnownFileType = net.daringfireball.markdown; path = README.md; sourceTree = "<group>"; };
		11FEA8BF21188EA300478EF9 /* Robot.h */ = {isa = PBXFileReference; lastKnownFileType = sourcecode.c.h; path = Robot.h; sourceTree = "<group>"; };
		11FEA8C021188EA300478EF9 /* Robot.m */ = {isa = PBXFileReference; lastKnownFileType = sourcecode.c.objc; path = Robot.m; sourceTree = "<group>"; };
/* End PBXFileReference section */

/* Begin PBXFrameworksBuildPhase section */
		11FEA8A221188E2700478EF9 /* Frameworks */ = {
			isa = PBXFrameworksBuildPhase;
			buildActionMask = 2147483647;
			files = (
			);
			runOnlyForDeploymentPostprocessing = 0;
		};
		11FEA8B021188E6300478EF9 /* Frameworks */ = {
			isa = PBXFrameworksBuildPhase;
			buildActionMask = 2147483647;
			files = (
			);
			runOnlyForDeploymentPostprocessing = 0;
		};
/* End PBXFrameworksBuildPhase section */

/* Begin PBXGroup section */
		11FEA89C21188E2700478EF9 = {
			isa = PBXGroup;
			children = (
				11FEA8A721188E2700478EF9 /* RobotName */,
				11FEA8B421188E6300478EF9 /* RobotName Tests */,
				11FEA8A621188E2700478EF9 /* Products */,
			);
			sourceTree = "<group>";
		};
		11FEA8A621188E2700478EF9 /* Products */ = {
			isa = PBXGroup;
			children = (
				11FEA8A521188E2700478EF9 /* RobotName */,
				11FEA8B321188E6300478EF9 /* RobotName Tests.xctest */,
			);
			name = Products;
			sourceTree = "<group>";
		};
		11FEA8A721188E2700478EF9 /* RobotName */ = {
			isa = PBXGroup;
			children = (
				11FEA8A821188E2700478EF9 /* main.m */,
			);
			path = RobotName;
			sourceTree = "<group>";
		};
		11FEA8B421188E6300478EF9 /* RobotName Tests */ = {
			isa = PBXGroup;
			children = (
				11FEA8BC21188E7700478EF9 /* README.md */,
				11FEA8BF21188EA300478EF9 /* Robot.h */,
				11FEA8C021188EA300478EF9 /* Robot.m */,
				11FEA8B521188E6300478EF9 /* RobotName_Tests.m */,
				11FEA8B721188E6300478EF9 /* Info.plist */,
			);
			path = "RobotName Tests";
			sourceTree = "<group>";
		};
/* End PBXGroup section */

/* Begin PBXNativeTarget section */
		11FEA8A421188E2700478EF9 /* RobotName */ = {
			isa = PBXNativeTarget;
			buildConfigurationList = 11FEA8AC21188E2700478EF9 /* Build configuration list for PBXNativeTarget "RobotName" */;
			buildPhases = (
				11FEA8A121188E2700478EF9 /* Sources */,
				11FEA8A221188E2700478EF9 /* Frameworks */,
				11FEA8A321188E2700478EF9 /* CopyFiles */,
			);
			buildRules = (
			);
			dependencies = (
			);
			name = RobotName;
			productName = RobotName;
			productReference = 11FEA8A521188E2700478EF9 /* RobotName */;
			productType = "com.apple.product-type.tool";
		};
		11FEA8B221188E6300478EF9 /* RobotName Tests */ = {
			isa = PBXNativeTarget;
			buildConfigurationList = 11FEA8B821188E6300478EF9 /* Build configuration list for PBXNativeTarget "RobotName Tests" */;
			buildPhases = (
				11FEA8AF21188E6300478EF9 /* Sources */,
				11FEA8B021188E6300478EF9 /* Frameworks */,
				11FEA8B121188E6300478EF9 /* Resources */,
			);
			buildRules = (
			);
			dependencies = (
			);
			name = "RobotName Tests";
			productName = "RobotName Tests";
			productReference = 11FEA8B321188E6300478EF9 /* RobotName Tests.xctest */;
			productType = "com.apple.product-type.bundle.unit-test";
		};
/* End PBXNativeTarget section */

/* Begin PBXProject section */
		11FEA89D21188E2700478EF9 /* Project object */ = {
			isa = PBXProject;
			attributes = {
				LastUpgradeCheck = 0940;
				ORGANIZATIONNAME = "Adam Felix";
				TargetAttributes = {
					11FEA8A421188E2700478EF9 = {
						CreatedOnToolsVersion = 9.4.1;
					};
					11FEA8B221188E6300478EF9 = {
						CreatedOnToolsVersion = 9.4.1;
					};
				};
			};
			buildConfigurationList = 11FEA8A021188E2700478EF9 /* Build configuration list for PBXProject "RobotName" */;
			compatibilityVersion = "Xcode 9.3";
			developmentRegion = en;
			hasScannedForEncodings = 0;
			knownRegions = (
				en,
			);
			mainGroup = 11FEA89C21188E2700478EF9;
			productRefGroup = 11FEA8A621188E2700478EF9 /* Products */;
			projectDirPath = "";
			projectRoot = "";
			targets = (
				11FEA8A421188E2700478EF9 /* RobotName */,
				11FEA8B221188E6300478EF9 /* RobotName Tests */,
			);
		};
/* End PBXProject section */

/* Begin PBXResourcesBuildPhase section */
		11FEA8B121188E6300478EF9 /* Resources */ = {
			isa = PBXResourcesBuildPhase;
			buildActionMask = 2147483647;
			files = (
				11FEA8BE21188E7700478EF9 /* README.md in Resources */,
			);
			runOnlyForDeploymentPostprocessing = 0;
		};
/* End PBXResourcesBuildPhase section */

/* Begin PBXSourcesBuildPhase section */
		11FEA8A121188E2700478EF9 /* Sources */ = {
			isa = PBXSourcesBuildPhase;
			buildActionMask = 2147483647;
			files = (
				11FEA8A921188E2700478EF9 /* main.m in Sources */,
			);
			runOnlyForDeploymentPostprocessing = 0;
		};
		11FEA8AF21188E6300478EF9 /* Sources */ = {
			isa = PBXSourcesBuildPhase;
			buildActionMask = 2147483647;
			files = (
				11FEA8C121188EA300478EF9 /* Robot.m in Sources */,
				11FEA8B621188E6300478EF9 /* RobotName_Tests.m in Sources */,
			);
			runOnlyForDeploymentPostprocessing = 0;
		};
/* End PBXSourcesBuildPhase section */

/* Begin XCBuildConfiguration section */
		11FEA8AA21188E2700478EF9 /* Debug */ = {
			isa = XCBuildConfiguration;
			buildSettings = {
				ALWAYS_SEARCH_USER_PATHS = NO;
				CLANG_ANALYZER_NONNULL = YES;
				CLANG_ANALYZER_NUMBER_OBJECT_CONVERSION = YES_AGGRESSIVE;
				CLANG_CXX_LANGUAGE_STANDARD = "gnu++14";
				CLANG_CXX_LIBRARY = "libc++";
				CLANG_ENABLE_MODULES = YES;
				CLANG_ENABLE_OBJC_ARC = YES;
				CLANG_ENABLE_OBJC_WEAK = YES;
				CLANG_WARN_BLOCK_CAPTURE_AUTORELEASING = YES;
				CLANG_WARN_BOOL_CONVERSION = YES;
				CLANG_WARN_COMMA = YES;
				CLANG_WARN_CONSTANT_CONVERSION = YES;
				CLANG_WARN_DEPRECATED_OBJC_IMPLEMENTATIONS = YES;
				CLANG_WARN_DIRECT_OBJC_ISA_USAGE = YES_ERROR;
				CLANG_WARN_DOCUMENTATION_COMMENTS = YES;
				CLANG_WARN_EMPTY_BODY = YES;
				CLANG_WARN_ENUM_CONVERSION = YES;
				CLANG_WARN_INFINITE_RECURSION = YES;
				CLANG_WARN_INT_CONVERSION = YES;
				CLANG_WARN_NON_LITERAL_NULL_CONVERSION = YES;
				CLANG_WARN_OBJC_IMPLICIT_RETAIN_SELF = YES;
				CLANG_WARN_OBJC_LITERAL_CONVERSION = YES;
				CLANG_WARN_OBJC_ROOT_CLASS = YES_ERROR;
				CLANG_WARN_RANGE_LOOP_ANALYSIS = YES;
				CLANG_WARN_STRICT_PROTOTYPES = YES;
				CLANG_WARN_SUSPICIOUS_MOVE = YES;
				CLANG_WARN_UNGUARDED_AVAILABILITY = YES_AGGRESSIVE;
				CLANG_WARN_UNREACHABLE_CODE = YES;
				CLANG_WARN__DUPLICATE_METHOD_MATCH = YES;
				CODE_SIGN_IDENTITY = "-";
				COPY_PHASE_STRIP = NO;
				DEBUG_INFORMATION_FORMAT = dwarf;
				ENABLE_STRICT_OBJC_MSGSEND = YES;
				ENABLE_TESTABILITY = YES;
				GCC_C_LANGUAGE_STANDARD = gnu11;
				GCC_DYNAMIC_NO_PIC = NO;
				GCC_NO_COMMON_BLOCKS = YES;
				GCC_OPTIMIZATION_LEVEL = 0;
				GCC_PREPROCESSOR_DEFINITIONS = (
					"DEBUG=1",
					"$(inherited)",
				);
				GCC_WARN_64_TO_32_BIT_CONVERSION = YES;
				GCC_WARN_ABOUT_RETURN_TYPE = YES_ERROR;
				GCC_WARN_UNDECLARED_SELECTOR = YES;
				GCC_WARN_UNINITIALIZED_AUTOS = YES_AGGRESSIVE;
				GCC_WARN_UNUSED_FUNCTION = YES;
				GCC_WARN_UNUSED_VARIABLE = YES;
				MACOSX_DEPLOYMENT_TARGET = 10.13;
				MTL_ENABLE_DEBUG_INFO = YES;
				ONLY_ACTIVE_ARCH = YES;
				SDKROOT = macosx;
			};
			name = Debug;
		};
		11FEA8AB21188E2700478EF9 /* Release */ = {
			isa = XCBuildConfiguration;
			buildSettings = {
				ALWAYS_SEARCH_USER_PATHS = NO;
				CLANG_ANALYZER_NONNULL = YES;
				CLANG_ANALYZER_NUMBER_OBJECT_CONVERSION = YES_AGGRESSIVE;
				CLANG_CXX_LANGUAGE_STANDARD = "gnu++14";
				CLANG_CXX_LIBRARY = "libc++";
				CLANG_ENABLE_MODULES = YES;
				CLANG_ENABLE_OBJC_ARC = YES;
				CLANG_ENABLE_OBJC_WEAK = YES;
				CLANG_WARN_BLOCK_CAPTURE_AUTORELEASING = YES;
				CLANG_WARN_BOOL_CONVERSION = YES;
				CLANG_WARN_COMMA = YES;
				CLANG_WARN_CONSTANT_CONVERSION = YES;
				CLANG_WARN_DEPRECATED_OBJC_IMPLEMENTATIONS = YES;
				CLANG_WARN_DIRECT_OBJC_ISA_USAGE = YES_ERROR;
				CLANG_WARN_DOCUMENTATION_COMMENTS = YES;
				CLANG_WARN_EMPTY_BODY = YES;
				CLANG_WARN_ENUM_CONVERSION = YES;
				CLANG_WARN_INFINITE_RECURSION = YES;
				CLANG_WARN_INT_CONVERSION = YES;
				CLANG_WARN_NON_LITERAL_NULL_CONVERSION = YES;
				CLANG_WARN_OBJC_IMPLICIT_RETAIN_SELF = YES;
				CLANG_WARN_OBJC_LITERAL_CONVERSION = YES;
				CLANG_WARN_OBJC_ROOT_CLASS = YES_ERROR;
				CLANG_WARN_RANGE_LOOP_ANALYSIS = YES;
				CLANG_WARN_STRICT_PROTOTYPES = YES;
				CLANG_WARN_SUSPICIOUS_MOVE = YES;
				CLANG_WARN_UNGUARDED_AVAILABILITY = YES_AGGRESSIVE;
				CLANG_WARN_UNREACHABLE_CODE = YES;
				CLANG_WARN__DUPLICATE_METHOD_MATCH = YES;
				CODE_SIGN_IDENTITY = "-";
				COPY_PHASE_STRIP = NO;
				DEBUG_INFORMATION_FORMAT = "dwarf-with-dsym";
				ENABLE_NS_ASSERTIONS = NO;
				ENABLE_STRICT_OBJC_MSGSEND = YES;
				GCC_C_LANGUAGE_STANDARD = gnu11;
				GCC_NO_COMMON_BLOCKS = YES;
				GCC_WARN_64_TO_32_BIT_CONVERSION = YES;
				GCC_WARN_ABOUT_RETURN_TYPE = YES_ERROR;
				GCC_WARN_UNDECLARED_SELECTOR = YES;
				GCC_WARN_UNINITIALIZED_AUTOS = YES_AGGRESSIVE;
				GCC_WARN_UNUSED_FUNCTION = YES;
				GCC_WARN_UNUSED_VARIABLE = YES;
				MACOSX_DEPLOYMENT_TARGET = 10.13;
				MTL_ENABLE_DEBUG_INFO = NO;
				SDKROOT = macosx;
			};
			name = Release;
		};
		11FEA8AD21188E2700478EF9 /* Debug */ = {
			isa = XCBuildConfiguration;
			buildSettings = {
				CODE_SIGN_STYLE = Automatic;
				PRODUCT_NAME = "$(TARGET_NAME)";
			};
			name = Debug;
		};
		11FEA8AE21188E2700478EF9 /* Release */ = {
			isa = XCBuildConfiguration;
			buildSettings = {
				CODE_SIGN_STYLE = Automatic;
				PRODUCT_NAME = "$(TARGET_NAME)";
			};
			name = Release;
		};
		11FEA8B921188E6300478EF9 /* Debug */ = {
			isa = XCBuildConfiguration;
			buildSettings = {
				CODE_SIGN_STYLE = Automatic;
				COMBINE_HIDPI_IMAGES = YES;
				INFOPLIST_FILE = "RobotName Tests/Info.plist";
				LD_RUNPATH_SEARCH_PATHS = (
					"$(inherited)",
					"@executable_path/../Frameworks",
					"@loader_path/../Frameworks",
				);
				PRODUCT_BUNDLE_IDENTIFIER = "com.adamfelix.RobotName-Tests";
				PRODUCT_NAME = "$(TARGET_NAME)";
			};
			name = Debug;
		};
		11FEA8BA21188E6300478EF9 /* Release */ = {
			isa = XCBuildConfiguration;
			buildSettings = {
				CODE_SIGN_STYLE = Automatic;
				COMBINE_HIDPI_IMAGES = YES;
				INFOPLIST_FILE = "RobotName Tests/Info.plist";
				LD_RUNPATH_SEARCH_PATHS = (
					"$(inherited)",
					"@executable_path/../Frameworks",
					"@loader_path/../Frameworks",
				);
				PRODUCT_BUNDLE_IDENTIFIER = "com.adamfelix.RobotName-Tests";
				PRODUCT_NAME = "$(TARGET_NAME)";
			};
			name = Release;
		};
/* End XCBuildConfiguration section */

/* Begin XCConfigurationList section */
		11FEA8A021188E2700478EF9 /* Build configuration list for PBXProject "RobotName" */ = {
			isa = XCConfigurationList;
			buildConfigurations = (
				11FEA8AA21188E2700478EF9 /* Debug */,
				11FEA8AB21188E2700478EF9 /* Release */,
			);
			defaultConfigurationIsVisible = 0;
			defaultConfigurationName = Release;
		};
		11FEA8AC21188E2700478EF9 /* Build configuration list for PBXNativeTarget "RobotName" */ = {
			isa = XCConfigurationList;
			buildConfigurations = (
				11FEA8AD21188E2700478EF9 /* Debug */,
				11FEA8AE21188E2700478EF9 /* Release */,
			);
			defaultConfigurationIsVisible = 0;
			defaultConfigurationName = Release;
		};
		11FEA8B821188E6300478EF9 /* Build configuration list for PBXNativeTarget "RobotName Tests" */ = {
			isa = XCConfigurationList;
			buildConfigurations = (
				11FEA8B921188E6300478EF9 /* Debug */,
				11FEA8BA21188E6300478EF9 /* Release */,
			);
			defaultConfigurationIsVisible = 0;
			defaultConfigurationName = Release;
		};
/* End XCConfigurationList section */
	};
	rootObject = 11FEA89D21188E2700478EF9 /* Project object */;
}
